
Microsoft Visual Studio Solution File, Format Version 12.00
Project("{FAE04EC0-301F-11D3-BF4B-00C04F79EFBC}") = "GeneticAlgorithms", "GeneticAlgorithms.csproj", "{78D59F46-205D-43A2-BF57-730DA2B75E5A}"
EndProject
Project("{FAE04EC0-301F-11D3-BF4B-00C04F79EFBC}") = "GeneticBuilder", "..\GeneticBuilder\GeneticBuilder\GeneticBuilder.csproj", "{1DFDDA27-747B-416E-9DC2-DAC7889793F4}"
EndProject
Global
	GlobalSection(SolutionConfigurationPlatforms) = preSolution
		Debug|Any CPU = Debug|Any CPU
		Release|Any CPU = Release|Any CPU
	EndGlobalSection
	GlobalSection(ProjectConfigurationPlatforms) = postSolution
		{78D59F46-205D-43A2-BF57-730DA2B75E5A}.Debug|Any CPU.ActiveCfg = Debug|Any CPU
		{78D59F46-205D-43A2-BF57-730DA2B75E5A}.Debug|Any CPU.Build.0 = Debug|Any CPU
		{78D59F46-205D-43A2-BF57-730DA2B75E5A}.Release|Any CPU.ActiveCfg = Release|Any CPU
		{78D59F46-205D-43A2-BF57-730DA2B75E5A}.Release|Any CPU.Build.0 = Release|Any CPU
		{1DFDDA27-747B-416E-9DC2-DAC7889793F4}.Debug|Any CPU.ActiveCfg = Debug|Any CPU
		{1DFDDA27-747B-416E-9DC2-DAC7889793F4}.Debug|Any CPU.Build.0 = Debug|Any CPU
		{1DFDDA27-747B-416E-9DC2-DAC7889793F4}.Release|Any CPU.ActiveCfg = Release|Any CPU
		{1DFDDA27-747B-416E-9DC2-DAC7889793F4}.Release|Any CPU.Build.0 = Release|Any CPU
	EndGlobalSection
EndGlobal
